// !$*UTF8*$!
{
	archiveVersion = 1;
	classes = {
	};
	objectVersion = 48;
	objects = {

/* Begin PBXBuildFile section */
		7E2E9B7E947F9D300226270E /* Pods_Employee_MVP_Demo.framework in Frameworks */ = {isa = PBXBuildFile; fileRef = B1840BD53A695BCA8D1031DE /* Pods_Employee_MVP_Demo.framework */; };
		B6A5413C1F175A52006BAD4E /* TextFieldTableViewCell.swift in Sources */ = {isa = PBXBuildFile; fileRef = B6A5413B1F175A52006BAD4E /* TextFieldTableViewCell.swift */; };
		B6A5413E1F175A66006BAD4E /* TextViewTableViewCell.swift in Sources */ = {isa = PBXBuildFile; fileRef = B6A5413D1F175A66006BAD4E /* TextViewTableViewCell.swift */; };
		B6A541401F175B98006BAD4E /* FormTableViewController.swift in Sources */ = {isa = PBXBuildFile; fileRef = B6A5413F1F175B98006BAD4E /* FormTableViewController.swift */; };
		B6D598421F15E754009446BA /* AppDelegate.swift in Sources */ = {isa = PBXBuildFile; fileRef = B6D598411F15E754009446BA /* AppDelegate.swift */; };
		B6D598441F15E754009446BA /* ViewController.swift in Sources */ = {isa = PBXBuildFile; fileRef = B6D598431F15E754009446BA /* ViewController.swift */; };
		B6D598471F15E754009446BA /* Main.storyboard in Resources */ = {isa = PBXBuildFile; fileRef = B6D598451F15E754009446BA /* Main.storyboard */; };
		B6D5984A1F15E754009446BA /* Employee_MVP_Demo.xcdatamodeld in Sources */ = {isa = PBXBuildFile; fileRef = B6D598481F15E754009446BA /* Employee_MVP_Demo.xcdatamodeld */; };
		B6D5984C1F15E754009446BA /* Assets.xcassets in Resources */ = {isa = PBXBuildFile; fileRef = B6D5984B1F15E754009446BA /* Assets.xcassets */; };
		B6D5984F1F15E754009446BA /* LaunchScreen.storyboard in Resources */ = {isa = PBXBuildFile; fileRef = B6D5984D1F15E754009446BA /* LaunchScreen.storyboard */; };
		B6D5985A1F15E755009446BA /* Employee_MVP_DemoTests.swift in Sources */ = {isa = PBXBuildFile; fileRef = B6D598591F15E755009446BA /* Employee_MVP_DemoTests.swift */; };
		B6D598651F15E755009446BA /* Employee_MVP_DemoUITests.swift in Sources */ = {isa = PBXBuildFile; fileRef = B6D598641F15E755009446BA /* Employee_MVP_DemoUITests.swift */; };
		B6D598CC1F161B8C009446BA /* EmployeeTableViewCell.swift in Sources */ = {isa = PBXBuildFile; fileRef = B6D598CB1F161B8C009446BA /* EmployeeTableViewCell.swift */; };
		B6D598CE1F161F90009446BA /* FormViewController.swift in Sources */ = {isa = PBXBuildFile; fileRef = B6D598CD1F161F90009446BA /* FormViewController.swift */; };
		B6D598D01F163895009446BA /* ImageBarButtonItem.swift in Sources */ = {isa = PBXBuildFile; fileRef = B6D598CF1F163895009446BA /* ImageBarButtonItem.swift */; };
		B6D598D21F164006009446BA /* MapViewController.swift in Sources */ = {isa = PBXBuildFile; fileRef = B6D598D11F164006009446BA /* MapViewController.swift */; };
		B6D598D51F1640E6009446BA /* MapKit.framework in Frameworks */ = {isa = PBXBuildFile; fileRef = B6D598D41F1640E6009446BA /* MapKit.framework */; };
		B6F0A0601F1899B70017ABB1 /* FloatLabelTextView.swift in Sources */ = {isa = PBXBuildFile; fileRef = B6F0A05E1F1899B60017ABB1 /* FloatLabelTextView.swift */; };
		B6F0A0611F1899B70017ABB1 /* FloatLabelTextField.swift in Sources */ = {isa = PBXBuildFile; fileRef = B6F0A05F1F1899B70017ABB1 /* FloatLabelTextField.swift */; };
		B6F0A0631F18A21F0017ABB1 /* CoreDataAccessMethods.swift in Sources */ = {isa = PBXBuildFile; fileRef = B6F0A0621F18A21F0017ABB1 /* CoreDataAccessMethods.swift */; };
		B6F0A0691F18FEB40017ABB1 /* MyAnnotation.swift in Sources */ = {isa = PBXBuildFile; fileRef = B6F0A0681F18FEB20017ABB1 /* MyAnnotation.swift */; };
		CFB4772443F217168D6E11C4 /* Pods_Employee_MVP_DemoTests.framework in Frameworks */ = {isa = PBXBuildFile; fileRef = 87FBB560E484F826B319727F /* Pods_Employee_MVP_DemoTests.framework */; };
		EFC01D49B92D7AFCB0A7744E /* Pods_Employee_MVP_DemoUITests.framework in Frameworks */ = {isa = PBXBuildFile; fileRef = CFF7BEDED5DB01A10BF9A225 /* Pods_Employee_MVP_DemoUITests.framework */; };
/* End PBXBuildFile section */

/* Begin PBXContainerItemProxy section */
		B6D598561F15E755009446BA /* PBXContainerItemProxy */ = {
			isa = PBXContainerItemProxy;
			containerPortal = B6D598361F15E754009446BA /* Project object */;
			proxyType = 1;
			remoteGlobalIDString = B6D5983D1F15E754009446BA;
			remoteInfo = Employee_MVP_Demo;
		};
		B6D598611F15E755009446BA /* PBXContainerItemProxy */ = {
			isa = PBXContainerItemProxy;
			containerPortal = B6D598361F15E754009446BA /* Project object */;
			proxyType = 1;
			remoteGlobalIDString = B6D5983D1F15E754009446BA;
			remoteInfo = Employee_MVP_Demo;
		};
/* End PBXContainerItemProxy section */

/* Begin PBXFileReference section */
		1A88CE1EAE7ECFC78568D8DC /* Pods-Employee_MVP_Demo.debug.xcconfig */ = {isa = PBXFileReference; includeInIndex = 1; lastKnownFileType = text.xcconfig; name = "Pods-Employee_MVP_Demo.debug.xcconfig"; path = "Pods/Target Support Files/Pods-Employee_MVP_Demo/Pods-Employee_MVP_Demo.debug.xcconfig"; sourceTree = "<group>"; };
		23276E40DC86A709C8B85207 /* Pods-Employee_MVP_DemoTests.release.xcconfig */ = {isa = PBXFileReference; includeInIndex = 1; lastKnownFileType = text.xcconfig; name = "Pods-Employee_MVP_DemoTests.release.xcconfig"; path = "Pods/Target Support Files/Pods-Employee_MVP_DemoTests/Pods-Employee_MVP_DemoTests.release.xcconfig"; sourceTree = "<group>"; };
		2F8E6C9D443101ACA44A745C /* Pods-Employee_MVP_Demo.release.xcconfig */ = {isa = PBXFileReference; includeInIndex = 1; lastKnownFileType = text.xcconfig; name = "Pods-Employee_MVP_Demo.release.xcconfig"; path = "Pods/Target Support Files/Pods-Employee_MVP_Demo/Pods-Employee_MVP_Demo.release.xcconfig"; sourceTree = "<group>"; };
		87FBB560E484F826B319727F /* Pods_Employee_MVP_DemoTests.framework */ = {isa = PBXFileReference; explicitFileType = wrapper.framework; includeInIndex = 0; path = Pods_Employee_MVP_DemoTests.framework; sourceTree = BUILT_PRODUCTS_DIR; };
		B1840BD53A695BCA8D1031DE /* Pods_Employee_MVP_Demo.framework */ = {isa = PBXFileReference; explicitFileType = wrapper.framework; includeInIndex = 0; path = Pods_Employee_MVP_Demo.framework; sourceTree = BUILT_PRODUCTS_DIR; };
		B6A5413B1F175A52006BAD4E /* TextFieldTableViewCell.swift */ = {isa = PBXFileReference; lastKnownFileType = sourcecode.swift; path = TextFieldTableViewCell.swift; sourceTree = "<group>"; };
		B6A5413D1F175A66006BAD4E /* TextViewTableViewCell.swift */ = {isa = PBXFileReference; lastKnownFileType = sourcecode.swift; path = TextViewTableViewCell.swift; sourceTree = "<group>"; };
		B6A5413F1F175B98006BAD4E /* FormTableViewController.swift */ = {isa = PBXFileReference; lastKnownFileType = sourcecode.swift; path = FormTableViewController.swift; sourceTree = "<group>"; };
		B6D5983E1F15E754009446BA /* Employee_MVP_Demo.app */ = {isa = PBXFileReference; explicitFileType = wrapper.application; includeInIndex = 0; path = Employee_MVP_Demo.app; sourceTree = BUILT_PRODUCTS_DIR; };
		B6D598411F15E754009446BA /* AppDelegate.swift */ = {isa = PBXFileReference; lastKnownFileType = sourcecode.swift; path = AppDelegate.swift; sourceTree = "<group>"; };
		B6D598431F15E754009446BA /* ViewController.swift */ = {isa = PBXFileReference; lastKnownFileType = sourcecode.swift; path = ViewController.swift; sourceTree = "<group>"; };
		B6D598461F15E754009446BA /* Base */ = {isa = PBXFileReference; lastKnownFileType = file.storyboard; name = Base; path = Base.lproj/Main.storyboard; sourceTree = "<group>"; };
		B6D598491F15E754009446BA /* Employee_MVP_Demo.xcdatamodel */ = {isa = PBXFileReference; lastKnownFileType = wrapper.xcdatamodel; path = Employee_MVP_Demo.xcdatamodel; sourceTree = "<group>"; };
		B6D5984B1F15E754009446BA /* Assets.xcassets */ = {isa = PBXFileReference; lastKnownFileType = folder.assetcatalog; path = Assets.xcassets; sourceTree = "<group>"; };
		B6D5984E1F15E754009446BA /* Base */ = {isa = PBXFileReference; lastKnownFileType = file.storyboard; name = Base; path = Base.lproj/LaunchScreen.storyboard; sourceTree = "<group>"; };
		B6D598501F15E754009446BA /* Info.plist */ = {isa = PBXFileReference; lastKnownFileType = text.plist.xml; path = Info.plist; sourceTree = "<group>"; };
		B6D598551F15E755009446BA /* Employee_MVP_DemoTests.xctest */ = {isa = PBXFileReference; explicitFileType = wrapper.cfbundle; includeInIndex = 0; path = Employee_MVP_DemoTests.xctest; sourceTree = BUILT_PRODUCTS_DIR; };
		B6D598591F15E755009446BA /* Employee_MVP_DemoTests.swift */ = {isa = PBXFileReference; lastKnownFileType = sourcecode.swift; path = Employee_MVP_DemoTests.swift; sourceTree = "<group>"; };
		B6D5985B1F15E755009446BA /* Info.plist */ = {isa = PBXFileReference; lastKnownFileType = text.plist.xml; path = Info.plist; sourceTree = "<group>"; };
		B6D598601F15E755009446BA /* Employee_MVP_DemoUITests.xctest */ = {isa = PBXFileReference; explicitFileType = wrapper.cfbundle; includeInIndex = 0; path = Employee_MVP_DemoUITests.xctest; sourceTree = BUILT_PRODUCTS_DIR; };
		B6D598641F15E755009446BA /* Employee_MVP_DemoUITests.swift */ = {isa = PBXFileReference; lastKnownFileType = sourcecode.swift; path = Employee_MVP_DemoUITests.swift; sourceTree = "<group>"; };
		B6D598661F15E755009446BA /* Info.plist */ = {isa = PBXFileReference; lastKnownFileType = text.plist.xml; path = Info.plist; sourceTree = "<group>"; };
		B6D598801F15E838009446BA /* Constant.swift */ = {isa = PBXFileReference; lastKnownFileType = sourcecode.swift; path = Constant.swift; sourceTree = "<group>"; };
		B6D598841F15E838009446BA /* Utility.swift */ = {isa = PBXFileReference; lastKnownFileType = sourcecode.swift; path = Utility.swift; sourceTree = "<group>"; };
		B6D598CB1F161B8C009446BA /* EmployeeTableViewCell.swift */ = {isa = PBXFileReference; lastKnownFileType = sourcecode.swift; path = EmployeeTableViewCell.swift; sourceTree = "<group>"; };
		B6D598CD1F161F90009446BA /* FormViewController.swift */ = {isa = PBXFileReference; lastKnownFileType = sourcecode.swift; path = FormViewController.swift; sourceTree = "<group>"; };
		B6D598CF1F163895009446BA /* ImageBarButtonItem.swift */ = {isa = PBXFileReference; lastKnownFileType = sourcecode.swift; path = ImageBarButtonItem.swift; sourceTree = "<group>"; };
		B6D598D11F164006009446BA /* MapViewController.swift */ = {isa = PBXFileReference; lastKnownFileType = sourcecode.swift; path = MapViewController.swift; sourceTree = "<group>"; };
		B6D598D41F1640E6009446BA /* MapKit.framework */ = {isa = PBXFileReference; lastKnownFileType = wrapper.framework; name = MapKit.framework; path = System/Library/Frameworks/MapKit.framework; sourceTree = SDKROOT; };
		B6F0A05E1F1899B60017ABB1 /* FloatLabelTextView.swift */ = {isa = PBXFileReference; fileEncoding = 4; lastKnownFileType = sourcecode.swift; name = FloatLabelTextView.swift; path = ../../../Demo/FloatLabelFields/FloatLabelFields/FloatLabelTextView.swift; sourceTree = "<group>"; };
		B6F0A05F1F1899B70017ABB1 /* FloatLabelTextField.swift */ = {isa = PBXFileReference; fileEncoding = 4; lastKnownFileType = sourcecode.swift; name = FloatLabelTextField.swift; path = ../../../Demo/FloatLabelFields/FloatLabelFields/FloatLabelTextField.swift; sourceTree = "<group>"; };
		B6F0A0621F18A21F0017ABB1 /* CoreDataAccessMethods.swift */ = {isa = PBXFileReference; lastKnownFileType = sourcecode.swift; path = CoreDataAccessMethods.swift; sourceTree = "<group>"; };
		B6F0A0681F18FEB20017ABB1 /* MyAnnotation.swift */ = {isa = PBXFileReference; fileEncoding = 4; lastKnownFileType = sourcecode.swift; name = MyAnnotation.swift; path = ../../../../Demo/MapKitDemo/MapKitDemo/MyAnnotation.swift; sourceTree = "<group>"; };
		BD15065EA909352271236AE5 /* Pods-Employee_MVP_DemoTests.debug.xcconfig */ = {isa = PBXFileReference; includeInIndex = 1; lastKnownFileType = text.xcconfig; name = "Pods-Employee_MVP_DemoTests.debug.xcconfig"; path = "Pods/Target Support Files/Pods-Employee_MVP_DemoTests/Pods-Employee_MVP_DemoTests.debug.xcconfig"; sourceTree = "<group>"; };
		CFF7BEDED5DB01A10BF9A225 /* Pods_Employee_MVP_DemoUITests.framework */ = {isa = PBXFileReference; explicitFileType = wrapper.framework; includeInIndex = 0; path = Pods_Employee_MVP_DemoUITests.framework; sourceTree = BUILT_PRODUCTS_DIR; };
		DABBFF5108BABB05F9A777FE /* Pods-Employee_MVP_DemoUITests.release.xcconfig */ = {isa = PBXFileReference; includeInIndex = 1; lastKnownFileType = text.xcconfig; name = "Pods-Employee_MVP_DemoUITests.release.xcconfig"; path = "Pods/Target Support Files/Pods-Employee_MVP_DemoUITests/Pods-Employee_MVP_DemoUITests.release.xcconfig"; sourceTree = "<group>"; };
		DDC9119BD0C5E585FB1BF9A5 /* Pods-Employee_MVP_DemoUITests.debug.xcconfig */ = {isa = PBXFileReference; includeInIndex = 1; lastKnownFileType = text.xcconfig; name = "Pods-Employee_MVP_DemoUITests.debug.xcconfig"; path = "Pods/Target Support Files/Pods-Employee_MVP_DemoUITests/Pods-Employee_MVP_DemoUITests.debug.xcconfig"; sourceTree = "<group>"; };
/* End PBXFileReference section */

/* Begin PBXFrameworksBuildPhase section */
		B6D5983B1F15E754009446BA /* Frameworks */ = {
			isa = PBXFrameworksBuildPhase;
			buildActionMask = 2147483647;
			files = (
				B6D598D51F1640E6009446BA /* MapKit.framework in Frameworks */,
				7E2E9B7E947F9D300226270E /* Pods_Employee_MVP_Demo.framework in Frameworks */,
			);
			runOnlyForDeploymentPostprocessing = 0;
		};
		B6D598521F15E755009446BA /* Frameworks */ = {
			isa = PBXFrameworksBuildPhase;
			buildActionMask = 2147483647;
			files = (
				CFB4772443F217168D6E11C4 /* Pods_Employee_MVP_DemoTests.framework in Frameworks */,
			);
			runOnlyForDeploymentPostprocessing = 0;
		};
		B6D5985D1F15E755009446BA /* Frameworks */ = {
			isa = PBXFrameworksBuildPhase;
			buildActionMask = 2147483647;
			files = (
				EFC01D49B92D7AFCB0A7744E /* Pods_Employee_MVP_DemoUITests.framework in Frameworks */,
			);
			runOnlyForDeploymentPostprocessing = 0;
		};
/* End PBXFrameworksBuildPhase section */

/* Begin PBXGroup section */
		5E40EDB41DC9817F87422AE8 /* Pods */ = {
			isa = PBXGroup;
			children = (
				1A88CE1EAE7ECFC78568D8DC /* Pods-Employee_MVP_Demo.debug.xcconfig */,
				2F8E6C9D443101ACA44A745C /* Pods-Employee_MVP_Demo.release.xcconfig */,
				BD15065EA909352271236AE5 /* Pods-Employee_MVP_DemoTests.debug.xcconfig */,
				23276E40DC86A709C8B85207 /* Pods-Employee_MVP_DemoTests.release.xcconfig */,
				DDC9119BD0C5E585FB1BF9A5 /* Pods-Employee_MVP_DemoUITests.debug.xcconfig */,
				DABBFF5108BABB05F9A777FE /* Pods-Employee_MVP_DemoUITests.release.xcconfig */,
			);
			name = Pods;
			sourceTree = "<group>";
		};
		B6D598351F15E754009446BA = {
			isa = PBXGroup;
			children = (
				B6D598401F15E754009446BA /* Employee_MVP_Demo */,
				B6D598581F15E755009446BA /* Employee_MVP_DemoTests */,
				B6D598631F15E755009446BA /* Employee_MVP_DemoUITests */,
				B6D5983F1F15E754009446BA /* Products */,
				B6D598D31F1640E6009446BA /* Frameworks */,
				5E40EDB41DC9817F87422AE8 /* Pods */,
			);
			sourceTree = "<group>";
		};
		B6D5983F1F15E754009446BA /* Products */ = {
			isa = PBXGroup;
			children = (
				B6D5983E1F15E754009446BA /* Employee_MVP_Demo.app */,
				B6D598551F15E755009446BA /* Employee_MVP_DemoTests.xctest */,
				B6D598601F15E755009446BA /* Employee_MVP_DemoUITests.xctest */,
			);
			name = Products;
			sourceTree = "<group>";
		};
		B6D598401F15E754009446BA /* Employee_MVP_Demo */ = {
			isa = PBXGroup;
			children = (
				B6D598721F15E787009446BA /* AppDelegate */,
				B6D598731F15E7C0009446BA /* Externals */,
				B6D598741F15E7D0009446BA /* Model */,
				B6D598791F15E807009446BA /* Presenter */,
				B6D5987A1F15E81D009446BA /* Resources */,
				B6D5987E1F15E838009446BA /* Utilities */,
				B6D598851F15E862009446BA /* View */,
				B6D5984B1F15E754009446BA /* Assets.xcassets */,
				B6D598501F15E754009446BA /* Info.plist */,
			);
			path = Employee_MVP_Demo;
			sourceTree = "<group>";
		};
		B6D598581F15E755009446BA /* Employee_MVP_DemoTests */ = {
			isa = PBXGroup;
			children = (
				B6D598591F15E755009446BA /* Employee_MVP_DemoTests.swift */,
				B6D5985B1F15E755009446BA /* Info.plist */,
			);
			path = Employee_MVP_DemoTests;
			sourceTree = "<group>";
		};
		B6D598631F15E755009446BA /* Employee_MVP_DemoUITests */ = {
			isa = PBXGroup;
			children = (
				B6D598641F15E755009446BA /* Employee_MVP_DemoUITests.swift */,
				B6D598661F15E755009446BA /* Info.plist */,
			);
			path = Employee_MVP_DemoUITests;
			sourceTree = "<group>";
		};
		B6D598721F15E787009446BA /* AppDelegate */ = {
			isa = PBXGroup;
			children = (
				B6D598411F15E754009446BA /* AppDelegate.swift */,
			);
			path = AppDelegate;
			sourceTree = "<group>";
		};
		B6D598731F15E7C0009446BA /* Externals */ = {
			isa = PBXGroup;
			children = (
				B6F0A05F1F1899B70017ABB1 /* FloatLabelTextField.swift */,
				B6F0A05E1F1899B60017ABB1 /* FloatLabelTextView.swift */,
			);
			path = Externals;
			sourceTree = "<group>";
		};
		B6D598741F15E7D0009446BA /* Model */ = {
			isa = PBXGroup;
			children = (
				B6D598751F15E7D0009446BA /* BO */,
				B6D598761F15E7D0009446BA /* CoreDataModel */,
				B6D598771F15E7D0009446BA /* Managers */,
				B6D598781F15E7D0009446BA /* Services */,
			);
			path = Model;
			sourceTree = "<group>";
		};
		B6D598751F15E7D0009446BA /* BO */ = {
			isa = PBXGroup;
			children = (
				B6F0A0621F18A21F0017ABB1 /* CoreDataAccessMethods.swift */,
			);
			path = BO;
			sourceTree = "<group>";
		};
		B6D598761F15E7D0009446BA /* CoreDataModel */ = {
			isa = PBXGroup;
			children = (
				B6D598481F15E754009446BA /* Employee_MVP_Demo.xcdatamodeld */,
			);
			path = CoreDataModel;
			sourceTree = "<group>";
		};
		B6D598771F15E7D0009446BA /* Managers */ = {
			isa = PBXGroup;
			children = (
			);
			path = Managers;
			sourceTree = "<group>";
		};
		B6D598781F15E7D0009446BA /* Services */ = {
			isa = PBXGroup;
			children = (
			);
			path = Services;
			sourceTree = "<group>";
		};
		B6D598791F15E807009446BA /* Presenter */ = {
			isa = PBXGroup;
			children = (
			);
			path = Presenter;
			sourceTree = "<group>";
		};
		B6D5987A1F15E81D009446BA /* Resources */ = {
			isa = PBXGroup;
			children = (
				B6D5987B1F15E81D009446BA /* Fonts */,
				B6D5987C1F15E81D009446BA /* Others */,
				B6D5987D1F15E81D009446BA /* Plists */,
			);
			path = Resources;
			sourceTree = "<group>";
		};
		B6D5987B1F15E81D009446BA /* Fonts */ = {
			isa = PBXGroup;
			children = (
			);
			path = Fonts;
			sourceTree = "<group>";
		};
		B6D5987C1F15E81D009446BA /* Others */ = {
			isa = PBXGroup;
			children = (
			);
			path = Others;
			sourceTree = "<group>";
		};
		B6D5987D1F15E81D009446BA /* Plists */ = {
			isa = PBXGroup;
			children = (
			);
			path = Plists;
			sourceTree = "<group>";
		};
		B6D5987E1F15E838009446BA /* Utilities */ = {
			isa = PBXGroup;
			children = (
				B6D5987F1F15E838009446BA /* Constants */,
				B6D598811F15E838009446BA /* Extensions */,
				B6D598821F15E838009446BA /* HelperClasses */,
				B6D598831F15E838009446BA /* Utility */,
			);
			path = Utilities;
			sourceTree = "<group>";
		};
		B6D5987F1F15E838009446BA /* Constants */ = {
			isa = PBXGroup;
			children = (
				B6D598801F15E838009446BA /* Constant.swift */,
			);
			path = Constants;
			sourceTree = "<group>";
		};
		B6D598811F15E838009446BA /* Extensions */ = {
			isa = PBXGroup;
			children = (
				B6D598CF1F163895009446BA /* ImageBarButtonItem.swift */,
			);
			path = Extensions;
			sourceTree = "<group>";
		};
		B6D598821F15E838009446BA /* HelperClasses */ = {
			isa = PBXGroup;
			children = (
			);
			path = HelperClasses;
			sourceTree = "<group>";
		};
		B6D598831F15E838009446BA /* Utility */ = {
			isa = PBXGroup;
			children = (
				B6D598841F15E838009446BA /* Utility.swift */,
			);
			path = Utility;
			sourceTree = "<group>";
		};
		B6D598851F15E862009446BA /* View */ = {
			isa = PBXGroup;
			children = (
				B6D598861F15E862009446BA /* Controllers */,
				B6D598871F15E862009446BA /* HelperViews */,
				B6D598881F15E862009446BA /* SubClasses */,
				B6D5988B1F15E862009446BA /* Views */,
			);
			path = View;
			sourceTree = "<group>";
		};
		B6D598861F15E862009446BA /* Controllers */ = {
			isa = PBXGroup;
			children = (
				B6D598431F15E754009446BA /* ViewController.swift */,
				B6A5413F1F175B98006BAD4E /* FormTableViewController.swift */,
				B6D598D11F164006009446BA /* MapViewController.swift */,
				B6D598CD1F161F90009446BA /* FormViewController.swift */,
			);
			path = Controllers;
			sourceTree = "<group>";
		};
		B6D598871F15E862009446BA /* HelperViews */ = {
			isa = PBXGroup;
			children = (
				B6F0A0681F18FEB20017ABB1 /* MyAnnotation.swift */,
			);
			path = HelperViews;
			sourceTree = "<group>";
		};
		B6D598881F15E862009446BA /* SubClasses */ = {
			isa = PBXGroup;
			children = (
				B6D598891F15E862009446BA /* CustomCells */,
				B6D5988A1F15E862009446BA /* CustomClasses */,
			);
			path = SubClasses;
			sourceTree = "<group>";
		};
		B6D598891F15E862009446BA /* CustomCells */ = {
			isa = PBXGroup;
			children = (
				B6D598CB1F161B8C009446BA /* EmployeeTableViewCell.swift */,
				B6A5413B1F175A52006BAD4E /* TextFieldTableViewCell.swift */,
				B6A5413D1F175A66006BAD4E /* TextViewTableViewCell.swift */,
			);
			path = CustomCells;
			sourceTree = "<group>";
		};
		B6D5988A1F15E862009446BA /* CustomClasses */ = {
			isa = PBXGroup;
			children = (
			);
			path = CustomClasses;
			sourceTree = "<group>";
		};
		B6D5988B1F15E862009446BA /* Views */ = {
			isa = PBXGroup;
			children = (
				B6D598451F15E754009446BA /* Main.storyboard */,
				B6D5984D1F15E754009446BA /* LaunchScreen.storyboard */,
			);
			path = Views;
			sourceTree = "<group>";
		};
		B6D598D31F1640E6009446BA /* Frameworks */ = {
			isa = PBXGroup;
			children = (
				B6D598D41F1640E6009446BA /* MapKit.framework */,
				B1840BD53A695BCA8D1031DE /* Pods_Employee_MVP_Demo.framework */,
				87FBB560E484F826B319727F /* Pods_Employee_MVP_DemoTests.framework */,
				CFF7BEDED5DB01A10BF9A225 /* Pods_Employee_MVP_DemoUITests.framework */,
			);
			name = Frameworks;
			sourceTree = "<group>";
		};
/* End PBXGroup section */

/* Begin PBXNativeTarget section */
		B6D5983D1F15E754009446BA /* Employee_MVP_Demo */ = {
			isa = PBXNativeTarget;
			buildConfigurationList = B6D598691F15E755009446BA /* Build configuration list for PBXNativeTarget "Employee_MVP_Demo" */;
			buildPhases = (
				AC1B3BB0CEB946CDFF913214 /* [CP] Check Pods Manifest.lock */,
				B6D5983A1F15E754009446BA /* Sources */,
				B6D5983B1F15E754009446BA /* Frameworks */,
				B6D5983C1F15E754009446BA /* Resources */,
				F2BF16BA56C02EDB18DEED9D /* [CP] Embed Pods Frameworks */,
				16FC6C9B2E8907F9EE0BE3AF /* [CP] Copy Pods Resources */,
			);
			buildRules = (
			);
			dependencies = (
			);
			name = Employee_MVP_Demo;
			productName = Employee_MVP_Demo;
			productReference = B6D5983E1F15E754009446BA /* Employee_MVP_Demo.app */;
			productType = "com.apple.product-type.application";
		};
		B6D598541F15E755009446BA /* Employee_MVP_DemoTests */ = {
			isa = PBXNativeTarget;
			buildConfigurationList = B6D5986C1F15E755009446BA /* Build configuration list for PBXNativeTarget "Employee_MVP_DemoTests" */;
			buildPhases = (
				A4B62AE570A3EB37EDBB2300 /* [CP] Check Pods Manifest.lock */,
				B6D598511F15E755009446BA /* Sources */,
				B6D598521F15E755009446BA /* Frameworks */,
				B6D598531F15E755009446BA /* Resources */,
				687EAF0BE272370661B14EE9 /* [CP] Embed Pods Frameworks */,
				9918027ED9A4D2D94686B7F1 /* [CP] Copy Pods Resources */,
			);
			buildRules = (
			);
			dependencies = (
				B6D598571F15E755009446BA /* PBXTargetDependency */,
			);
			name = Employee_MVP_DemoTests;
			productName = Employee_MVP_DemoTests;
			productReference = B6D598551F15E755009446BA /* Employee_MVP_DemoTests.xctest */;
			productType = "com.apple.product-type.bundle.unit-test";
		};
		B6D5985F1F15E755009446BA /* Employee_MVP_DemoUITests */ = {
			isa = PBXNativeTarget;
			buildConfigurationList = B6D5986F1F15E755009446BA /* Build configuration list for PBXNativeTarget "Employee_MVP_DemoUITests" */;
			buildPhases = (
				3A096FC104FF4A242796C7D3 /* [CP] Check Pods Manifest.lock */,
				B6D5985C1F15E755009446BA /* Sources */,
				B6D5985D1F15E755009446BA /* Frameworks */,
				B6D5985E1F15E755009446BA /* Resources */,
				5FB106F637D0305C5C79226E /* [CP] Embed Pods Frameworks */,
				A56C917D61F3B4EA476F5E3B /* [CP] Copy Pods Resources */,
			);
			buildRules = (
			);
			dependencies = (
				B6D598621F15E755009446BA /* PBXTargetDependency */,
			);
			name = Employee_MVP_DemoUITests;
			productName = Employee_MVP_DemoUITests;
			productReference = B6D598601F15E755009446BA /* Employee_MVP_DemoUITests.xctest */;
			productType = "com.apple.product-type.bundle.ui-testing";
		};
/* End PBXNativeTarget section */

/* Begin PBXProject section */
		B6D598361F15E754009446BA /* Project object */ = {
			isa = PBXProject;
			attributes = {
				LastSwiftUpdateCheck = 0900;
				LastUpgradeCheck = 0900;
				ORGANIZATIONNAME = "Rajat Bhatt";
				TargetAttributes = {
					B6D5983D1F15E754009446BA = {
						CreatedOnToolsVersion = 9.0;
						SystemCapabilities = {
							com.apple.Maps.iOS = {
								enabled = 1;
							};
						};
					};
					B6D598541F15E755009446BA = {
						CreatedOnToolsVersion = 9.0;
						TestTargetID = B6D5983D1F15E754009446BA;
					};
					B6D5985F1F15E755009446BA = {
						CreatedOnToolsVersion = 9.0;
						TestTargetID = B6D5983D1F15E754009446BA;
					};
				};
			};
			buildConfigurationList = B6D598391F15E754009446BA /* Build configuration list for PBXProject "Employee_MVP_Demo" */;
			compatibilityVersion = "Xcode 8.0";
			developmentRegion = en;
			hasScannedForEncodings = 0;
			knownRegions = (
				en,
				Base,
			);
			mainGroup = B6D598351F15E754009446BA;
			productRefGroup = B6D5983F1F15E754009446BA /* Products */;
			projectDirPath = "";
			projectRoot = "";
			targets = (
				B6D5983D1F15E754009446BA /* Employee_MVP_Demo */,
				B6D598541F15E755009446BA /* Employee_MVP_DemoTests */,
				B6D5985F1F15E755009446BA /* Employee_MVP_DemoUITests */,
			);
		};
/* End PBXProject section */

/* Begin PBXResourcesBuildPhase section */
		B6D5983C1F15E754009446BA /* Resources */ = {
			isa = PBXResourcesBuildPhase;
			buildActionMask = 2147483647;
			files = (
				B6D5984F1F15E754009446BA /* LaunchScreen.storyboard in Resources */,
				B6D5984C1F15E754009446BA /* Assets.xcassets in Resources */,
				B6D598471F15E754009446BA /* Main.storyboard in Resources */,
			);
			runOnlyForDeploymentPostprocessing = 0;
		};
		B6D598531F15E755009446BA /* Resources */ = {
			isa = PBXResourcesBuildPhase;
			buildActionMask = 2147483647;
			files = (
			);
			runOnlyForDeploymentPostprocessing = 0;
		};
		B6D5985E1F15E755009446BA /* Resources */ = {
			isa = PBXResourcesBuildPhase;
			buildActionMask = 2147483647;
			files = (
			);
			runOnlyForDeploymentPostprocessing = 0;
		};
/* End PBXResourcesBuildPhase section */

/* Begin PBXShellScriptBuildPhase section */
		16FC6C9B2E8907F9EE0BE3AF /* [CP] Copy Pods Resources */ = {
			isa = PBXShellScriptBuildPhase;
			buildActionMask = 2147483647;
			files = (
			);
			inputPaths = (
			);
			name = "[CP] Copy Pods Resources";
			outputPaths = (
			);
			runOnlyForDeploymentPostprocessing = 0;
			shellPath = /bin/sh;
			shellScript = "\"${SRCROOT}/Pods/Target Support Files/Pods-Employee_MVP_Demo/Pods-Employee_MVP_Demo-resources.sh\"\n";
			showEnvVarsInLog = 0;
		};
		3A096FC104FF4A242796C7D3 /* [CP] Check Pods Manifest.lock */ = {
			isa = PBXShellScriptBuildPhase;
			buildActionMask = 2147483647;
			files = (
			);
			inputPaths = (
			);
			name = "[CP] Check Pods Manifest.lock";
			outputPaths = (
			);
			runOnlyForDeploymentPostprocessing = 0;
			shellPath = /bin/sh;
			shellScript = "diff \"${PODS_PODFILE_DIR_PATH}/Podfile.lock\" \"${PODS_ROOT}/Manifest.lock\" > /dev/null\nif [ $? != 0 ] ; then\n    # print error to STDERR\n    echo \"error: The sandbox is not in sync with the Podfile.lock. Run 'pod install' or update your CocoaPods installation.\" >&2\n    exit 1\nfi\n";
			showEnvVarsInLog = 0;
		};
		5FB106F637D0305C5C79226E /* [CP] Embed Pods Frameworks */ = {
			isa = PBXShellScriptBuildPhase;
			buildActionMask = 2147483647;
			files = (
			);
			inputPaths = (
			);
			name = "[CP] Embed Pods Frameworks";
			outputPaths = (
			);
			runOnlyForDeploymentPostprocessing = 0;
			shellPath = /bin/sh;
			shellScript = "\"${SRCROOT}/Pods/Target Support Files/Pods-Employee_MVP_DemoUITests/Pods-Employee_MVP_DemoUITests-frameworks.sh\"\n";
			showEnvVarsInLog = 0;
		};
		687EAF0BE272370661B14EE9 /* [CP] Embed Pods Frameworks */ = {
			isa = PBXShellScriptBuildPhase;
			buildActionMask = 2147483647;
			files = (
			);
			inputPaths = (
			);
			name = "[CP] Embed Pods Frameworks";
			outputPaths = (
			);
			runOnlyForDeploymentPostprocessing = 0;
			shellPath = /bin/sh;
			shellScript = "\"${SRCROOT}/Pods/Target Support Files/Pods-Employee_MVP_DemoTests/Pods-Employee_MVP_DemoTests-frameworks.sh\"\n";
			showEnvVarsInLog = 0;
		};
		9918027ED9A4D2D94686B7F1 /* [CP] Copy Pods Resources */ = {
			isa = PBXShellScriptBuildPhase;
			buildActionMask = 2147483647;
			files = (
			);
			inputPaths = (
			);
			name = "[CP] Copy Pods Resources";
			outputPaths = (
			);
			runOnlyForDeploymentPostprocessing = 0;
			shellPath = /bin/sh;
			shellScript = "\"${SRCROOT}/Pods/Target Support Files/Pods-Employee_MVP_DemoTests/Pods-Employee_MVP_DemoTests-resources.sh\"\n";
			showEnvVarsInLog = 0;
		};
		A4B62AE570A3EB37EDBB2300 /* [CP] Check Pods Manifest.lock */ = {
			isa = PBXShellScriptBuildPhase;
			buildActionMask = 2147483647;
			files = (
			);
			inputPaths = (
			);
			name = "[CP] Check Pods Manifest.lock";
			outputPaths = (
			);
			runOnlyForDeploymentPostprocessing = 0;
			shellPath = /bin/sh;
			shellScript = "diff \"${PODS_PODFILE_DIR_PATH}/Podfile.lock\" \"${PODS_ROOT}/Manifest.lock\" > /dev/null\nif [ $? != 0 ] ; then\n    # print error to STDERR\n    echo \"error: The sandbox is not in sync with the Podfile.lock. Run 'pod install' or update your CocoaPods installation.\" >&2\n    exit 1\nfi\n";
			showEnvVarsInLog = 0;
		};
		A56C917D61F3B4EA476F5E3B /* [CP] Copy Pods Resources */ = {
			isa = PBXShellScriptBuildPhase;
			buildActionMask = 2147483647;
			files = (
			);
			inputPaths = (
			);
			name = "[CP] Copy Pods Resources";
			outputPaths = (
			);
			runOnlyForDeploymentPostprocessing = 0;
			shellPath = /bin/sh;
			shellScript = "\"${SRCROOT}/Pods/Target Support Files/Pods-Employee_MVP_DemoUITests/Pods-Employee_MVP_DemoUITests-resources.sh\"\n";
			showEnvVarsInLog = 0;
		};
		AC1B3BB0CEB946CDFF913214 /* [CP] Check Pods Manifest.lock */ = {
			isa = PBXShellScriptBuildPhase;
			buildActionMask = 2147483647;
			files = (
			);
			inputPaths = (
			);
			name = "[CP] Check Pods Manifest.lock";
			outputPaths = (
			);
			runOnlyForDeploymentPostprocessing = 0;
			shellPath = /bin/sh;
			shellScript = "diff \"${PODS_PODFILE_DIR_PATH}/Podfile.lock\" \"${PODS_ROOT}/Manifest.lock\" > /dev/null\nif [ $? != 0 ] ; then\n    # print error to STDERR\n    echo \"error: The sandbox is not in sync with the Podfile.lock. Run 'pod install' or update your CocoaPods installation.\" >&2\n    exit 1\nfi\n";
			showEnvVarsInLog = 0;
		};
		F2BF16BA56C02EDB18DEED9D /* [CP] Embed Pods Frameworks */ = {
			isa = PBXShellScriptBuildPhase;
			buildActionMask = 2147483647;
			files = (
			);
			inputPaths = (
			);
			name = "[CP] Embed Pods Frameworks";
			outputPaths = (
			);
			runOnlyForDeploymentPostprocessing = 0;
			shellPath = /bin/sh;
			shellScript = "\"${SRCROOT}/Pods/Target Support Files/Pods-Employee_MVP_Demo/Pods-Employee_MVP_Demo-frameworks.sh\"\n";
			showEnvVarsInLog = 0;
		};
/* End PBXShellScriptBuildPhase section */

/* Begin PBXSourcesBuildPhase section */
		B6D5983A1F15E754009446BA /* Sources */ = {
			isa = PBXSourcesBuildPhase;
			buildActionMask = 2147483647;
			files = (
				B6F0A0691F18FEB40017ABB1 /* MyAnnotation.swift in Sources */,
				B6D598D01F163895009446BA /* ImageBarButtonItem.swift in Sources */,
				B6A541401F175B98006BAD4E /* FormTableViewController.swift in Sources */,
				B6D598441F15E754009446BA /* ViewController.swift in Sources */,
				B6D598CC1F161B8C009446BA /* EmployeeTableViewCell.swift in Sources */,
				B6F0A0631F18A21F0017ABB1 /* CoreDataAccessMethods.swift in Sources */,
				B6A5413C1F175A52006BAD4E /* TextFieldTableViewCell.swift in Sources */,
				B6F0A0611F1899B70017ABB1 /* FloatLabelTextField.swift in Sources */,
				B6D5984A1F15E754009446BA /* Employee_MVP_Demo.xcdatamodeld in Sources */,
				B6D598CE1F161F90009446BA /* FormViewController.swift in Sources */,
				B6D598421F15E754009446BA /* AppDelegate.swift in Sources */,
				B6F0A0601F1899B70017ABB1 /* FloatLabelTextView.swift in Sources */,
				B6D598D21F164006009446BA /* MapViewController.swift in Sources */,
				B6A5413E1F175A66006BAD4E /* TextViewTableViewCell.swift in Sources */,
			);
			runOnlyForDeploymentPostprocessing = 0;
		};
		B6D598511F15E755009446BA /* Sources */ = {
			isa = PBXSourcesBuildPhase;
			buildActionMask = 2147483647;
			files = (
				B6D5985A1F15E755009446BA /* Employee_MVP_DemoTests.swift in Sources */,
			);
			runOnlyForDeploymentPostprocessing = 0;
		};
		B6D5985C1F15E755009446BA /* Sources */ = {
			isa = PBXSourcesBuildPhase;
			buildActionMask = 2147483647;
			files = (
				B6D598651F15E755009446BA /* Employee_MVP_DemoUITests.swift in Sources */,
			);
			runOnlyForDeploymentPostprocessing = 0;
		};
/* End PBXSourcesBuildPhase section */

/* Begin PBXTargetDependency section */
		B6D598571F15E755009446BA /* PBXTargetDependency */ = {
			isa = PBXTargetDependency;
			target = B6D5983D1F15E754009446BA /* Employee_MVP_Demo */;
			targetProxy = B6D598561F15E755009446BA /* PBXContainerItemProxy */;
		};
		B6D598621F15E755009446BA /* PBXTargetDependency */ = {
			isa = PBXTargetDependency;
			target = B6D5983D1F15E754009446BA /* Employee_MVP_Demo */;
			targetProxy = B6D598611F15E755009446BA /* PBXContainerItemProxy */;
		};
/* End PBXTargetDependency section */

/* Begin PBXVariantGroup section */
		B6D598451F15E754009446BA /* Main.storyboard */ = {
			isa = PBXVariantGroup;
			children = (
				B6D598461F15E754009446BA /* Base */,
			);
			name = Main.storyboard;
			sourceTree = "<group>";
		};
		B6D5984D1F15E754009446BA /* LaunchScreen.storyboard */ = {
			isa = PBXVariantGroup;
			children = (
				B6D5984E1F15E754009446BA /* Base */,
			);
			name = LaunchScreen.storyboard;
			sourceTree = "<group>";
		};
/* End PBXVariantGroup section */

/* Begin XCBuildConfiguration section */
		B6D598671F15E755009446BA /* Debug */ = {
			isa = XCBuildConfiguration;
			buildSettings = {
				ALWAYS_SEARCH_USER_PATHS = NO;
				CLANG_ANALYZER_NONNULL = YES;
				CLANG_ANALYZER_NUMBER_OBJECT_CONVERSION = YES_AGGRESSIVE;
				CLANG_CXX_LANGUAGE_STANDARD = "gnu++14";
				CLANG_CXX_LIBRARY = "libc++";
				CLANG_ENABLE_MODULES = YES;
				CLANG_ENABLE_OBJC_ARC = YES;
				CLANG_WARN_BLOCK_CAPTURE_AUTORELEASING = YES;
				CLANG_WARN_BOOL_CONVERSION = YES;
				CLANG_WARN_COMMA = YES;
				CLANG_WARN_CONSTANT_CONVERSION = YES;
				CLANG_WARN_DIRECT_OBJC_ISA_USAGE = YES_ERROR;
				CLANG_WARN_DOCUMENTATION_COMMENTS = YES;
				CLANG_WARN_EMPTY_BODY = YES;
				CLANG_WARN_ENUM_CONVERSION = YES;
				CLANG_WARN_INFINITE_RECURSION = YES;
				CLANG_WARN_INT_CONVERSION = YES;
				CLANG_WARN_NON_LITERAL_NULL_CONVERSION = YES;
				CLANG_WARN_OBJC_LITERAL_CONVERSION = YES;
				CLANG_WARN_OBJC_ROOT_CLASS = YES_ERROR;
				CLANG_WARN_RANGE_LOOP_ANALYSIS = YES;
				CLANG_WARN_STRICT_PROTOTYPES = YES;
				CLANG_WARN_SUSPICIOUS_MOVE = YES;
				CLANG_WARN_UNGUARDED_AVAILABILITY = YES_AGGRESSIVE;
				CLANG_WARN_UNREACHABLE_CODE = YES;
				CLANG_WARN__DUPLICATE_METHOD_MATCH = YES;
				CODE_SIGN_IDENTITY = "iPhone Developer";
				COPY_PHASE_STRIP = NO;
				DEBUG_INFORMATION_FORMAT = dwarf;
				ENABLE_STRICT_OBJC_MSGSEND = YES;
				ENABLE_TESTABILITY = YES;
				GCC_C_LANGUAGE_STANDARD = gnu11;
				GCC_DYNAMIC_NO_PIC = NO;
				GCC_NO_COMMON_BLOCKS = YES;
				GCC_OPTIMIZATION_LEVEL = 0;
				GCC_PREPROCESSOR_DEFINITIONS = (
					"DEBUG=1",
					"$(inherited)",
				);
				GCC_WARN_64_TO_32_BIT_CONVERSION = YES;
				GCC_WARN_ABOUT_RETURN_TYPE = YES_ERROR;
				GCC_WARN_UNDECLARED_SELECTOR = YES;
				GCC_WARN_UNINITIALIZED_AUTOS = YES_AGGRESSIVE;
				GCC_WARN_UNUSED_FUNCTION = YES;
				GCC_WARN_UNUSED_VARIABLE = YES;
				IPHONEOS_DEPLOYMENT_TARGET = 11.0;
				MTL_ENABLE_DEBUG_INFO = YES;
				ONLY_ACTIVE_ARCH = YES;
				SDKROOT = iphoneos;
				SWIFT_ACTIVE_COMPILATION_CONDITIONS = DEBUG;
				SWIFT_OPTIMIZATION_LEVEL = "-Onone";
			};
			name = Debug;
		};
		B6D598681F15E755009446BA /* Release */ = {
			isa = XCBuildConfiguration;
			buildSettings = {
				ALWAYS_SEARCH_USER_PATHS = NO;
				CLANG_ANALYZER_NONNULL = YES;
				CLANG_ANALYZER_NUMBER_OBJECT_CONVERSION = YES_AGGRESSIVE;
				CLANG_CXX_LANGUAGE_STANDARD = "gnu++14";
				CLANG_CXX_LIBRARY = "libc++";
				CLANG_ENABLE_MODULES = YES;
				CLANG_ENABLE_OBJC_ARC = YES;
				CLANG_WARN_BLOCK_CAPTURE_AUTORELEASING = YES;
				CLANG_WARN_BOOL_CONVERSION = YES;
				CLANG_WARN_COMMA = YES;
				CLANG_WARN_CONSTANT_CONVERSION = YES;
				CLANG_WARN_DIRECT_OBJC_ISA_USAGE = YES_ERROR;
				CLANG_WARN_DOCUMENTATION_COMMENTS = YES;
				CLANG_WARN_EMPTY_BODY = YES;
				CLANG_WARN_ENUM_CONVERSION = YES;
				CLANG_WARN_INFINITE_RECURSION = YES;
				CLANG_WARN_INT_CONVERSION = YES;
				CLANG_WARN_NON_LITERAL_NULL_CONVERSION = YES;
				CLANG_WARN_OBJC_LITERAL_CONVERSION = YES;
				CLANG_WARN_OBJC_ROOT_CLASS = YES_ERROR;
				CLANG_WARN_RANGE_LOOP_ANALYSIS = YES;
				CLANG_WARN_STRICT_PROTOTYPES = YES;
				CLANG_WARN_SUSPICIOUS_MOVE = YES;
				CLANG_WARN_UNGUARDED_AVAILABILITY = YES_AGGRESSIVE;
				CLANG_WARN_UNREACHABLE_CODE = YES;
				CLANG_WARN__DUPLICATE_METHOD_MATCH = YES;
				CODE_SIGN_IDENTITY = "iPhone Developer";
				COPY_PHASE_STRIP = NO;
				DEBUG_INFORMATION_FORMAT = "dwarf-with-dsym";
				ENABLE_NS_ASSERTIONS = NO;
				ENABLE_STRICT_OBJC_MSGSEND = YES;
				GCC_C_LANGUAGE_STANDARD = gnu11;
				GCC_NO_COMMON_BLOCKS = YES;
				GCC_WARN_64_TO_32_BIT_CONVERSION = YES;
				GCC_WARN_ABOUT_RETURN_TYPE = YES_ERROR;
				GCC_WARN_UNDECLARED_SELECTOR = YES;
				GCC_WARN_UNINITIALIZED_AUTOS = YES_AGGRESSIVE;
				GCC_WARN_UNUSED_FUNCTION = YES;
				GCC_WARN_UNUSED_VARIABLE = YES;
				IPHONEOS_DEPLOYMENT_TARGET = 11.0;
				MTL_ENABLE_DEBUG_INFO = NO;
				SDKROOT = iphoneos;
				SWIFT_OPTIMIZATION_LEVEL = "-Owholemodule";
				VALIDATE_PRODUCT = YES;
			};
			name = Release;
		};
		B6D5986A1F15E755009446BA /* Debug */ = {
			isa = XCBuildConfiguration;
			baseConfigurationReference = 1A88CE1EAE7ECFC78568D8DC /* Pods-Employee_MVP_Demo.debug.xcconfig */;
			buildSettings = {
				ASSETCATALOG_COMPILER_APPICON_NAME = AppIcon;
				INFOPLIST_FILE = Employee_MVP_Demo/Info.plist;
				LD_RUNPATH_SEARCH_PATHS = "$(inherited) @executable_path/Frameworks";
				PRODUCT_BUNDLE_IDENTIFIER = "none.Employee-MVP-Demo";
				PRODUCT_NAME = "$(TARGET_NAME)";
				SWIFT_VERSION = 4.0;
				TARGETED_DEVICE_FAMILY = "1,2";
			};
			name = Debug;
		};
		B6D5986B1F15E755009446BA /* Release */ = {
			isa = XCBuildConfiguration;
			baseConfigurationReference = 2F8E6C9D443101ACA44A745C /* Pods-Employee_MVP_Demo.release.xcconfig */;
			buildSettings = {
				ASSETCATALOG_COMPILER_APPICON_NAME = AppIcon;
				INFOPLIST_FILE = Employee_MVP_Demo/Info.plist;
				LD_RUNPATH_SEARCH_PATHS = "$(inherited) @executable_path/Frameworks";
				PRODUCT_BUNDLE_IDENTIFIER = "none.Employee-MVP-Demo";
				PRODUCT_NAME = "$(TARGET_NAME)";
				SWIFT_VERSION = 4.0;
				TARGETED_DEVICE_FAMILY = "1,2";
			};
			name = Release;
		};
		B6D5986D1F15E755009446BA /* Debug */ = {
			isa = XCBuildConfiguration;
			baseConfigurationReference = BD15065EA909352271236AE5 /* Pods-Employee_MVP_DemoTests.debug.xcconfig */;
			buildSettings = {
				ALWAYS_EMBED_SWIFT_STANDARD_LIBRARIES = YES;
				BUNDLE_LOADER = "$(TEST_HOST)";
				INFOPLIST_FILE = Employee_MVP_DemoTests/Info.plist;
				LD_RUNPATH_SEARCH_PATHS = "$(inherited) @executable_path/Frameworks @loader_path/Frameworks";
				PRODUCT_BUNDLE_IDENTIFIER = "none.Employee-MVP-DemoTests";
				PRODUCT_NAME = "$(TARGET_NAME)";
				SWIFT_VERSION = 4.0;
				TARGETED_DEVICE_FAMILY = "1,2";
				TEST_HOST = "$(BUILT_PRODUCTS_DIR)/Employee_MVP_Demo.app/Employee_MVP_Demo";
			};
			name = Debug;
		};
		B6D5986E1F15E755009446BA /* Release */ = {
			isa = XCBuildConfiguration;
			baseConfigurationReference = 23276E40DC86A709C8B85207 /* Pods-Employee_MVP_DemoTests.release.xcconfig */;
			buildSettings = {
				ALWAYS_EMBED_SWIFT_STANDARD_LIBRARIES = YES;
				BUNDLE_LOADER = "$(TEST_HOST)";
				INFOPLIST_FILE = Employee_MVP_DemoTests/Info.plist;
				LD_RUNPATH_SEARCH_PATHS = "$(inherited) @executable_path/Frameworks @loader_path/Frameworks";
				PRODUCT_BUNDLE_IDENTIFIER = "none.Employee-MVP-DemoTests";
				PRODUCT_NAME = "$(TARGET_NAME)";
				SWIFT_VERSION = 4.0;
				TARGETED_DEVICE_FAMILY = "1,2";
				TEST_HOST = "$(BUILT_PRODUCTS_DIR)/Employee_MVP_Demo.app/Employee_MVP_Demo";
			};
			name = Release;
		};
		B6D598701F15E755009446BA /* Debug */ = {
			isa = XCBuildConfiguration;
			baseConfigurationReference = DDC9119BD0C5E585FB1BF9A5 /* Pods-Employee_MVP_DemoUITests.debug.xcconfig */;
			buildSettings = {
				ALWAYS_EMBED_SWIFT_STANDARD_LIBRARIES = YES;
				INFOPLIST_FILE = Employee_MVP_DemoUITests/Info.plist;
				LD_RUNPATH_SEARCH_PATHS = "$(inherited) @executable_path/Frameworks @loader_path/Frameworks";
				PRODUCT_BUNDLE_IDENTIFIER = "none.Employee-MVP-DemoUITests";
				PRODUCT_NAME = "$(TARGET_NAME)";
				SWIFT_VERSION = 4.0;
				TARGETED_DEVICE_FAMILY = "1,2";
				TEST_TARGET_NAME = Employee_MVP_Demo;
			};
			name = Debug;
		};
		B6D598711F15E755009446BA /* Release */ = {
			isa = XCBuildConfiguration;
			baseConfigurationReference = DABBFF5108BABB05F9A777FE /* Pods-Employee_MVP_DemoUITests.release.xcconfig */;
			buildSettings = {
				ALWAYS_EMBED_SWIFT_STANDARD_LIBRARIES = YES;
				INFOPLIST_FILE = Employee_MVP_DemoUITests/Info.plist;
				LD_RUNPATH_SEARCH_PATHS = "$(inherited) @executable_path/Frameworks @loader_path/Frameworks";
				PRODUCT_BUNDLE_IDENTIFIER = "none.Employee-MVP-DemoUITests";
				PRODUCT_NAME = "$(TARGET_NAME)";
				SWIFT_VERSION = 4.0;
				TARGETED_DEVICE_FAMILY = "1,2";
				TEST_TARGET_NAME = Employee_MVP_Demo;
			};
			name = Release;
		};
/* End XCBuildConfiguration section */

/* Begin XCConfigurationList section */
		B6D598391F15E754009446BA /* Build configuration list for PBXProject "Employee_MVP_Demo" */ = {
			isa = XCConfigurationList;
			buildConfigurations = (
				B6D598671F15E755009446BA /* Debug */,
				B6D598681F15E755009446BA /* Release */,
			);
			defaultConfigurationIsVisible = 0;
			defaultConfigurationName = Release;
		};
		B6D598691F15E755009446BA /* Build configuration list for PBXNativeTarget "Employee_MVP_Demo" */ = {
			isa = XCConfigurationList;
			buildConfigurations = (
				B6D5986A1F15E755009446BA /* Debug */,
				B6D5986B1F15E755009446BA /* Release */,
			);
			defaultConfigurationIsVisible = 0;
			defaultConfigurationName = Release;
		};
		B6D5986C1F15E755009446BA /* Build configuration list for PBXNativeTarget "Employee_MVP_DemoTests" */ = {
			isa = XCConfigurationList;
			buildConfigurations = (
				B6D5986D1F15E755009446BA /* Debug */,
				B6D5986E1F15E755009446BA /* Release */,
			);
			defaultConfigurationIsVisible = 0;
			defaultConfigurationName = Release;
		};
		B6D5986F1F15E755009446BA /* Build configuration list for PBXNativeTarget "Employee_MVP_DemoUITests" */ = {
			isa = XCConfigurationList;
			buildConfigurations = (
				B6D598701F15E755009446BA /* Debug */,
				B6D598711F15E755009446BA /* Release */,
			);
			defaultConfigurationIsVisible = 0;
			defaultConfigurationName = Release;
		};
/* End XCConfigurationList section */

/* Begin XCVersionGroup section */
		B6D598481F15E754009446BA /* Employee_MVP_Demo.xcdatamodeld */ = {
			isa = XCVersionGroup;
			children = (
				B6D598491F15E754009446BA /* Employee_MVP_Demo.xcdatamodel */,
			);
			currentVersion = B6D598491F15E754009446BA /* Employee_MVP_Demo.xcdatamodel */;
			path = Employee_MVP_Demo.xcdatamodeld;
			sourceTree = "<group>";
			versionGroupType = wrapper.xcdatamodel;
		};
/* End XCVersionGroup section */
	};
	rootObject = B6D598361F15E754009446BA /* Project object */;
}
