// !$*UTF8*$!
{
	archiveVersion = 1;
	classes = {
	};
	objectVersion = 48;
	objects = {

/* Begin PBXBuildFile section */
		B6D598421F15E754009446BA /* AppDelegate.swift in Sources */ = {isa = PBXBuildFile; fileRef = B6D598411F15E754009446BA /* AppDelegate.swift */; };
		B6D598441F15E754009446BA /* ViewController.swift in Sources */ = {isa = PBXBuildFile; fileRef = B6D598431F15E754009446BA /* ViewController.swift */; };
		B6D598471F15E754009446BA /* Main.storyboard in Resources */ = {isa = PBXBuildFile; fileRef = B6D598451F15E754009446BA /* Main.storyboard */; };
		B6D5984A1F15E754009446BA /* Employee_MVP_Demo.xcdatamodeld in Sources */ = {isa = PBXBuildFile; fileRef = B6D598481F15E754009446BA /* Employee_MVP_Demo.xcdatamodeld */; };
		B6D5984C1F15E754009446BA /* Assets.xcassets in Resources */ = {isa = PBXBuildFile; fileRef = B6D5984B1F15E754009446BA /* Assets.xcassets */; };
		B6D5984F1F15E754009446BA /* LaunchScreen.storyboard in Resources */ = {isa = PBXBuildFile; fileRef = B6D5984D1F15E754009446BA /* LaunchScreen.storyboard */; };
		B6D5985A1F15E755009446BA /* Employee_MVP_DemoTests.swift in Sources */ = {isa = PBXBuildFile; fileRef = B6D598591F15E755009446BA /* Employee_MVP_DemoTests.swift */; };
		B6D598651F15E755009446BA /* Employee_MVP_DemoUITests.swift in Sources */ = {isa = PBXBuildFile; fileRef = B6D598641F15E755009446BA /* Employee_MVP_DemoUITests.swift */; };
		B6D598CC1F161B8C009446BA /* EmployeeTableViewCell.swift in Sources */ = {isa = PBXBuildFile; fileRef = B6D598CB1F161B8C009446BA /* EmployeeTableViewCell.swift */; };
		B6D598CE1F161F90009446BA /* FormViewController.swift in Sources */ = {isa = PBXBuildFile; fileRef = B6D598CD1F161F90009446BA /* FormViewController.swift */; };
		B6D598D01F163895009446BA /* ImageBarButtonItem.swift in Sources */ = {isa = PBXBuildFile; fileRef = B6D598CF1F163895009446BA /* ImageBarButtonItem.swift */; };
		B6D598D21F164006009446BA /* MapViewController.swift in Sources */ = {isa = PBXBuildFile; fileRef = B6D598D11F164006009446BA /* MapViewController.swift */; };
		B6D598D51F1640E6009446BA /* MapKit.framework in Frameworks */ = {isa = PBXBuildFile; fileRef = B6D598D41F1640E6009446BA /* MapKit.framework */; };
/* End PBXBuildFile section */

/* Begin PBXContainerItemProxy section */
		B6D598561F15E755009446BA /* PBXContainerItemProxy */ = {
			isa = PBXContainerItemProxy;
			containerPortal = B6D598361F15E754009446BA /* Project object */;
			proxyType = 1;
			remoteGlobalIDString = B6D5983D1F15E754009446BA;
			remoteInfo = Employee_MVP_Demo;
		};
		B6D598611F15E755009446BA /* PBXContainerItemProxy */ = {
			isa = PBXContainerItemProxy;
			containerPortal = B6D598361F15E754009446BA /* Project object */;
			proxyType = 1;
			remoteGlobalIDString = B6D5983D1F15E754009446BA;
			remoteInfo = Employee_MVP_Demo;
		};
/* End PBXContainerItemProxy section */

/* Begin PBXFileReference section */
		B6D5983E1F15E754009446BA /* Employee_MVP_Demo.app */ = {isa = PBXFileReference; explicitFileType = wrapper.application; includeInIndex = 0; path = Employee_MVP_Demo.app; sourceTree = BUILT_PRODUCTS_DIR; };
		B6D598411F15E754009446BA /* AppDelegate.swift */ = {isa = PBXFileReference; lastKnownFileType = sourcecode.swift; path = AppDelegate.swift; sourceTree = "<group>"; };
		B6D598431F15E754009446BA /* ViewController.swift */ = {isa = PBXFileReference; lastKnownFileType = sourcecode.swift; path = ViewController.swift; sourceTree = "<group>"; };
		B6D598461F15E754009446BA /* Base */ = {isa = PBXFileReference; lastKnownFileType = file.storyboard; name = Base; path = Base.lproj/Main.storyboard; sourceTree = "<group>"; };
		B6D598491F15E754009446BA /* Employee_MVP_Demo.xcdatamodel */ = {isa = PBXFileReference; lastKnownFileType = wrapper.xcdatamodel; path = Employee_MVP_Demo.xcdatamodel; sourceTree = "<group>"; };
		B6D5984B1F15E754009446BA /* Assets.xcassets */ = {isa = PBXFileReference; lastKnownFileType = folder.assetcatalog; path = Assets.xcassets; sourceTree = "<group>"; };
		B6D5984E1F15E754009446BA /* Base */ = {isa = PBXFileReference; lastKnownFileType = file.storyboard; name = Base; path = Base.lproj/LaunchScreen.storyboard; sourceTree = "<group>"; };
		B6D598501F15E754009446BA /* Info.plist */ = {isa = PBXFileReference; lastKnownFileType = text.plist.xml; path = Info.plist; sourceTree = "<group>"; };
		B6D598551F15E755009446BA /* Employee_MVP_DemoTests.xctest */ = {isa = PBXFileReference; explicitFileType = wrapper.cfbundle; includeInIndex = 0; path = Employee_MVP_DemoTests.xctest; sourceTree = BUILT_PRODUCTS_DIR; };
		B6D598591F15E755009446BA /* Employee_MVP_DemoTests.swift */ = {isa = PBXFileReference; lastKnownFileType = sourcecode.swift; path = Employee_MVP_DemoTests.swift; sourceTree = "<group>"; };
		B6D5985B1F15E755009446BA /* Info.plist */ = {isa = PBXFileReference; lastKnownFileType = text.plist.xml; path = Info.plist; sourceTree = "<group>"; };
		B6D598601F15E755009446BA /* Employee_MVP_DemoUITests.xctest */ = {isa = PBXFileReference; explicitFileType = wrapper.cfbundle; includeInIndex = 0; path = Employee_MVP_DemoUITests.xctest; sourceTree = BUILT_PRODUCTS_DIR; };
		B6D598641F15E755009446BA /* Employee_MVP_DemoUITests.swift */ = {isa = PBXFileReference; lastKnownFileType = sourcecode.swift; path = Employee_MVP_DemoUITests.swift; sourceTree = "<group>"; };
		B6D598661F15E755009446BA /* Info.plist */ = {isa = PBXFileReference; lastKnownFileType = text.plist.xml; path = Info.plist; sourceTree = "<group>"; };
		B6D598801F15E838009446BA /* Constant.swift */ = {isa = PBXFileReference; lastKnownFileType = sourcecode.swift; path = Constant.swift; sourceTree = "<group>"; };
		B6D598841F15E838009446BA /* Utility.swift */ = {isa = PBXFileReference; lastKnownFileType = sourcecode.swift; path = Utility.swift; sourceTree = "<group>"; };
		B6D598CB1F161B8C009446BA /* EmployeeTableViewCell.swift */ = {isa = PBXFileReference; lastKnownFileType = sourcecode.swift; path = EmployeeTableViewCell.swift; sourceTree = "<group>"; };
		B6D598CD1F161F90009446BA /* FormViewController.swift */ = {isa = PBXFileReference; lastKnownFileType = sourcecode.swift; path = FormViewController.swift; sourceTree = "<group>"; };
		B6D598CF1F163895009446BA /* ImageBarButtonItem.swift */ = {isa = PBXFileReference; lastKnownFileType = sourcecode.swift; path = ImageBarButtonItem.swift; sourceTree = "<group>"; };
		B6D598D11F164006009446BA /* MapViewController.swift */ = {isa = PBXFileReference; lastKnownFileType = sourcecode.swift; path = MapViewController.swift; sourceTree = "<group>"; };
		B6D598D41F1640E6009446BA /* MapKit.framework */ = {isa = PBXFileReference; lastKnownFileType = wrapper.framework; name = MapKit.framework; path = System/Library/Frameworks/MapKit.framework; sourceTree = SDKROOT; };
/* End PBXFileReference section */

/* Begin PBXFrameworksBuildPhase section */
		B6D5983B1F15E754009446BA /* Frameworks */ = {
			isa = PBXFrameworksBuildPhase;
			buildActionMask = 2147483647;
			files = (
				B6D598D51F1640E6009446BA /* MapKit.framework in Frameworks */,
			);
			runOnlyForDeploymentPostprocessing = 0;
		};
		B6D598521F15E755009446BA /* Frameworks */ = {
			isa = PBXFrameworksBuildPhase;
			buildActionMask = 2147483647;
			files = (
			);
			runOnlyForDeploymentPostprocessing = 0;
		};
		B6D5985D1F15E755009446BA /* Frameworks */ = {
			isa = PBXFrameworksBuildPhase;
			buildActionMask = 2147483647;
			files = (
			);
			runOnlyForDeploymentPostprocessing = 0;
		};
/* End PBXFrameworksBuildPhase section */

/* Begin PBXGroup section */
		B6D598351F15E754009446BA = {
			isa = PBXGroup;
			children = (
				B6D598401F15E754009446BA /* Employee_MVP_Demo */,
				B6D598581F15E755009446BA /* Employee_MVP_DemoTests */,
				B6D598631F15E755009446BA /* Employee_MVP_DemoUITests */,
				B6D5983F1F15E754009446BA /* Products */,
				B6D598D31F1640E6009446BA /* Frameworks */,
			);
			sourceTree = "<group>";
		};
		B6D5983F1F15E754009446BA /* Products */ = {
			isa = PBXGroup;
			children = (
				B6D5983E1F15E754009446BA /* Employee_MVP_Demo.app */,
				B6D598551F15E755009446BA /* Employee_MVP_DemoTests.xctest */,
				B6D598601F15E755009446BA /* Employee_MVP_DemoUITests.xctest */,
			);
			name = Products;
			sourceTree = "<group>";
		};
		B6D598401F15E754009446BA /* Employee_MVP_Demo */ = {
			isa = PBXGroup;
			children = (
				B6D598721F15E787009446BA /* AppDelegate */,
				B6D598731F15E7C0009446BA /* Externals */,
				B6D598741F15E7D0009446BA /* Model */,
				B6D598791F15E807009446BA /* Presenter */,
				B6D5987A1F15E81D009446BA /* Resources */,
				B6D5987E1F15E838009446BA /* Utilities */,
				B6D598851F15E862009446BA /* View */,
				B6D5984B1F15E754009446BA /* Assets.xcassets */,
				B6D598501F15E754009446BA /* Info.plist */,
			);
			path = Employee_MVP_Demo;
			sourceTree = "<group>";
		};
		B6D598581F15E755009446BA /* Employee_MVP_DemoTests */ = {
			isa = PBXGroup;
			children = (
				B6D598591F15E755009446BA /* Employee_MVP_DemoTests.swift */,
				B6D5985B1F15E755009446BA /* Info.plist */,
			);
			path = Employee_MVP_DemoTests;
			sourceTree = "<group>";
		};
		B6D598631F15E755009446BA /* Employee_MVP_DemoUITests */ = {
			isa = PBXGroup;
			children = (
				B6D598641F15E755009446BA /* Employee_MVP_DemoUITests.swift */,
				B6D598661F15E755009446BA /* Info.plist */,
			);
			path = Employee_MVP_DemoUITests;
			sourceTree = "<group>";
		};
		B6D598721F15E787009446BA /* AppDelegate */ = {
			isa = PBXGroup;
			children = (
				B6D598411F15E754009446BA /* AppDelegate.swift */,
			);
			path = AppDelegate;
			sourceTree = "<group>";
		};
		B6D598731F15E7C0009446BA /* Externals */ = {
			isa = PBXGroup;
			children = (
			);
			path = Externals;
			sourceTree = "<group>";
		};
		B6D598741F15E7D0009446BA /* Model */ = {
			isa = PBXGroup;
			children = (
				B6D598751F15E7D0009446BA /* BO */,
				B6D598761F15E7D0009446BA /* CoreDataModel */,
				B6D598771F15E7D0009446BA /* Managers */,
				B6D598781F15E7D0009446BA /* Services */,
			);
			path = Model;
			sourceTree = "<group>";
		};
		B6D598751F15E7D0009446BA /* BO */ = {
			isa = PBXGroup;
			children = (
			);
			path = BO;
			sourceTree = "<group>";
		};
		B6D598761F15E7D0009446BA /* CoreDataModel */ = {
			isa = PBXGroup;
			children = (
				B6D598481F15E754009446BA /* Employee_MVP_Demo.xcdatamodeld */,
			);
			path = CoreDataModel;
			sourceTree = "<group>";
		};
		B6D598771F15E7D0009446BA /* Managers */ = {
			isa = PBXGroup;
			children = (
			);
			path = Managers;
			sourceTree = "<group>";
		};
		B6D598781F15E7D0009446BA /* Services */ = {
			isa = PBXGroup;
			children = (
			);
			path = Services;
			sourceTree = "<group>";
		};
		B6D598791F15E807009446BA /* Presenter */ = {
			isa = PBXGroup;
			children = (
			);
			path = Presenter;
			sourceTree = "<group>";
		};
		B6D5987A1F15E81D009446BA /* Resources */ = {
			isa = PBXGroup;
			children = (
				B6D5987B1F15E81D009446BA /* Fonts */,
				B6D5987C1F15E81D009446BA /* Others */,
				B6D5987D1F15E81D009446BA /* Plists */,
			);
			path = Resources;
			sourceTree = "<group>";
		};
		B6D5987B1F15E81D009446BA /* Fonts */ = {
			isa = PBXGroup;
			children = (
			);
			path = Fonts;
			sourceTree = "<group>";
		};
		B6D5987C1F15E81D009446BA /* Others */ = {
			isa = PBXGroup;
			children = (
			);
			path = Others;
			sourceTree = "<group>";
		};
		B6D5987D1F15E81D009446BA /* Plists */ = {
			isa = PBXGroup;
			children = (
			);
			path = Plists;
			sourceTree = "<group>";
		};
		B6D5987E1F15E838009446BA /* Utilities */ = {
			isa = PBXGroup;
			children = (
				B6D5987F1F15E838009446BA /* Constants */,
				B6D598811F15E838009446BA /* Extensions */,
				B6D598821F15E838009446BA /* HelperClasses */,
				B6D598831F15E838009446BA /* Utility */,
			);
			path = Utilities;
			sourceTree = "<group>";
		};
		B6D5987F1F15E838009446BA /* Constants */ = {
			isa = PBXGroup;
			children = (
				B6D598801F15E838009446BA /* Constant.swift */,
			);
			path = Constants;
			sourceTree = "<group>";
		};
		B6D598811F15E838009446BA /* Extensions */ = {
			isa = PBXGroup;
			children = (
				B6D598CF1F163895009446BA /* ImageBarButtonItem.swift */,
			);
			path = Extensions;
			sourceTree = "<group>";
		};
		B6D598821F15E838009446BA /* HelperClasses */ = {
			isa = PBXGroup;
			children = (
			);
			path = HelperClasses;
			sourceTree = "<group>";
		};
		B6D598831F15E838009446BA /* Utility */ = {
			isa = PBXGroup;
			children = (
				B6D598841F15E838009446BA /* Utility.swift */,
			);
			path = Utility;
			sourceTree = "<group>";
		};
		B6D598851F15E862009446BA /* View */ = {
			isa = PBXGroup;
			children = (
				B6D598861F15E862009446BA /* Controllers */,
				B6D598871F15E862009446BA /* HelperViews */,
				B6D598881F15E862009446BA /* SubClasses */,
				B6D5988B1F15E862009446BA /* Views */,
			);
			path = View;
			sourceTree = "<group>";
		};
		B6D598861F15E862009446BA /* Controllers */ = {
			isa = PBXGroup;
			children = (
				B6D598431F15E754009446BA /* ViewController.swift */,
				B6D598CD1F161F90009446BA /* FormViewController.swift */,
				B6D598D11F164006009446BA /* MapViewController.swift */,
			);
			path = Controllers;
			sourceTree = "<group>";
		};
		B6D598871F15E862009446BA /* HelperViews */ = {
			isa = PBXGroup;
			children = (
			);
			path = HelperViews;
			sourceTree = "<group>";
		};
		B6D598881F15E862009446BA /* SubClasses */ = {
			isa = PBXGroup;
			children = (
				B6D598891F15E862009446BA /* CustomCells */,
				B6D5988A1F15E862009446BA /* CustomClasses */,
			);
			path = SubClasses;
			sourceTree = "<group>";
		};
		B6D598891F15E862009446BA /* CustomCells */ = {
			isa = PBXGroup;
			children = (
				B6D598CB1F161B8C009446BA /* EmployeeTableViewCell.swift */,
			);
			path = CustomCells;
			sourceTree = "<group>";
		};
		B6D5988A1F15E862009446BA /* CustomClasses */ = {
			isa = PBXGroup;
			children = (
			);
			path = CustomClasses;
			sourceTree = "<group>";
		};
		B6D5988B1F15E862009446BA /* Views */ = {
			isa = PBXGroup;
			children = (
				B6D598451F15E754009446BA /* Main.storyboard */,
				B6D5984D1F15E754009446BA /* LaunchScreen.storyboard */,
			);
			path = Views;
			sourceTree = "<group>";
		};
		B6D598D31F1640E6009446BA /* Frameworks */ = {
			isa = PBXGroup;
			children = (
				B6D598D41F1640E6009446BA /* MapKit.framework */,
			);
			name = Frameworks;
			sourceTree = "<group>";
		};
/* End PBXGroup section */

/* Begin PBXNativeTarget section */
		B6D5983D1F15E754009446BA /* Employee_MVP_Demo */ = {
			isa = PBXNativeTarget;
			buildConfigurationList = B6D598691F15E755009446BA /* Build configuration list for PBXNativeTarget "Employee_MVP_Demo" */;
			buildPhases = (
				B6D5983A1F15E754009446BA /* Sources */,
				B6D5983B1F15E754009446BA /* Frameworks */,
				B6D5983C1F15E754009446BA /* Resources */,
			);
			buildRules = (
			);
			dependencies = (
			);
			name = Employee_MVP_Demo;
			productName = Employee_MVP_Demo;
			productReference = B6D5983E1F15E754009446BA /* Employee_MVP_Demo.app */;
			productType = "com.apple.product-type.application";
		};
		B6D598541F15E755009446BA /* Employee_MVP_DemoTests */ = {
			isa = PBXNativeTarget;
			buildConfigurationList = B6D5986C1F15E755009446BA /* Build configuration list for PBXNativeTarget "Employee_MVP_DemoTests" */;
			buildPhases = (
				B6D598511F15E755009446BA /* Sources */,
				B6D598521F15E755009446BA /* Frameworks */,
				B6D598531F15E755009446BA /* Resources */,
			);
			buildRules = (
			);
			dependencies = (
				B6D598571F15E755009446BA /* PBXTargetDependency */,
			);
			name = Employee_MVP_DemoTests;
			productName = Employee_MVP_DemoTests;
			productReference = B6D598551F15E755009446BA /* Employee_MVP_DemoTests.xctest */;
			productType = "com.apple.product-type.bundle.unit-test";
		};
		B6D5985F1F15E755009446BA /* Employee_MVP_DemoUITests */ = {
			isa = PBXNativeTarget;
			buildConfigurationList = B6D5986F1F15E755009446BA /* Build configuration list for PBXNativeTarget "Employee_MVP_DemoUITests" */;
			buildPhases = (
				B6D5985C1F15E755009446BA /* Sources */,
				B6D5985D1F15E755009446BA /* Frameworks */,
				B6D5985E1F15E755009446BA /* Resources */,
			);
			buildRules = (
			);
			dependencies = (
				B6D598621F15E755009446BA /* PBXTargetDependency */,
			);
			name = Employee_MVP_DemoUITests;
			productName = Employee_MVP_DemoUITests;
			productReference = B6D598601F15E755009446BA /* Employee_MVP_DemoUITests.xctest */;
			productType = "com.apple.product-type.bundle.ui-testing";
		};
/* End PBXNativeTarget section */

/* Begin PBXProject section */
		B6D598361F15E754009446BA /* Project object */ = {
			isa = PBXProject;
			attributes = {
				LastSwiftUpdateCheck = 0900;
				LastUpgradeCheck = 0900;
				ORGANIZATIONNAME = "Rajat Bhatt";
				TargetAttributes = {
					B6D5983D1F15E754009446BA = {
						CreatedOnToolsVersion = 9.0;
						SystemCapabilities = {
							com.apple.Maps.iOS = {
								enabled = 1;
							};
						};
					};
					B6D598541F15E755009446BA = {
						CreatedOnToolsVersion = 9.0;
						TestTargetID = B6D5983D1F15E754009446BA;
					};
					B6D5985F1F15E755009446BA = {
						CreatedOnToolsVersion = 9.0;
						TestTargetID = B6D5983D1F15E754009446BA;
					};
				};
			};
			buildConfigurationList = B6D598391F15E754009446BA /* Build configuration list for PBXProject "Employee_MVP_Demo" */;
			compatibilityVersion = "Xcode 8.0";
			developmentRegion = en;
			hasScannedForEncodings = 0;
			knownRegions = (
				en,
				Base,
			);
			mainGroup = B6D598351F15E754009446BA;
			productRefGroup = B6D5983F1F15E754009446BA /* Products */;
			projectDirPath = "";
			projectRoot = "";
			targets = (
				B6D5983D1F15E754009446BA /* Employee_MVP_Demo */,
				B6D598541F15E755009446BA /* Employee_MVP_DemoTests */,
				B6D5985F1F15E755009446BA /* Employee_MVP_DemoUITests */,
			);
		};
/* End PBXProject section */

/* Begin PBXResourcesBuildPhase section */
		B6D5983C1F15E754009446BA /* Resources */ = {
			isa = PBXResourcesBuildPhase;
			buildActionMask = 2147483647;
			files = (
				B6D5984F1F15E754009446BA /* LaunchScreen.storyboard in Resources */,
				B6D5984C1F15E754009446BA /* Assets.xcassets in Resources */,
				B6D598471F15E754009446BA /* Main.storyboard in Resources */,
			);
			runOnlyForDeploymentPostprocessing = 0;
		};
		B6D598531F15E755009446BA /* Resources */ = {
			isa = PBXResourcesBuildPhase;
			buildActionMask = 2147483647;
			files = (
			);
			runOnlyForDeploymentPostprocessing = 0;
		};
		B6D5985E1F15E755009446BA /* Resources */ = {
			isa = PBXResourcesBuildPhase;
			buildActionMask = 2147483647;
			files = (
			);
			runOnlyForDeploymentPostprocessing = 0;
		};
/* End PBXResourcesBuildPhase section */

/* Begin PBXSourcesBuildPhase section */
		B6D5983A1F15E754009446BA /* Sources */ = {
			isa = PBXSourcesBuildPhase;
			buildActionMask = 2147483647;
			files = (
				B6D598D01F163895009446BA /* ImageBarButtonItem.swift in Sources */,
				B6D598441F15E754009446BA /* ViewController.swift in Sources */,
				B6D598CC1F161B8C009446BA /* EmployeeTableViewCell.swift in Sources */,
				B6D5984A1F15E754009446BA /* Employee_MVP_Demo.xcdatamodeld in Sources */,
				B6D598CE1F161F90009446BA /* FormViewController.swift in Sources */,
				B6D598421F15E754009446BA /* AppDelegate.swift in Sources */,
				B6D598D21F164006009446BA /* MapViewController.swift in Sources */,
			);
			runOnlyForDeploymentPostprocessing = 0;
		};
		B6D598511F15E755009446BA /* Sources */ = {
			isa = PBXSourcesBuildPhase;
			buildActionMask = 2147483647;
			files = (
				B6D5985A1F15E755009446BA /* Employee_MVP_DemoTests.swift in Sources */,
			);
			runOnlyForDeploymentPostprocessing = 0;
		};
		B6D5985C1F15E755009446BA /* Sources */ = {
			isa = PBXSourcesBuildPhase;
			buildActionMask = 2147483647;
			files = (
				B6D598651F15E755009446BA /* Employee_MVP_DemoUITests.swift in Sources */,
			);
			runOnlyForDeploymentPostprocessing = 0;
		};
/* End PBXSourcesBuildPhase section */

/* Begin PBXTargetDependency section */
		B6D598571F15E755009446BA /* PBXTargetDependency */ = {
			isa = PBXTargetDependency;
			target = B6D5983D1F15E754009446BA /* Employee_MVP_Demo */;
			targetProxy = B6D598561F15E755009446BA /* PBXContainerItemProxy */;
		};
		B6D598621F15E755009446BA /* PBXTargetDependency */ = {
			isa = PBXTargetDependency;
			target = B6D5983D1F15E754009446BA /* Employee_MVP_Demo */;
			targetProxy = B6D598611F15E755009446BA /* PBXContainerItemProxy */;
		};
/* End PBXTargetDependency section */

/* Begin PBXVariantGroup section */
		B6D598451F15E754009446BA /* Main.storyboard */ = {
			isa = PBXVariantGroup;
			children = (
				B6D598461F15E754009446BA /* Base */,
			);
			name = Main.storyboard;
			sourceTree = "<group>";
		};
		B6D5984D1F15E754009446BA /* LaunchScreen.storyboard */ = {
			isa = PBXVariantGroup;
			children = (
				B6D5984E1F15E754009446BA /* Base */,
			);
			name = LaunchScreen.storyboard;
			sourceTree = "<group>";
		};
/* End PBXVariantGroup section */

/* Begin XCBuildConfiguration section */
		B6D598671F15E755009446BA /* Debug */ = {
			isa = XCBuildConfiguration;
			buildSettings = {
				ALWAYS_SEARCH_USER_PATHS = NO;
				CLANG_ANALYZER_NONNULL = YES;
				CLANG_ANALYZER_NUMBER_OBJECT_CONVERSION = YES_AGGRESSIVE;
				CLANG_CXX_LANGUAGE_STANDARD = "gnu++14";
				CLANG_CXX_LIBRARY = "libc++";
				CLANG_ENABLE_MODULES = YES;
				CLANG_ENABLE_OBJC_ARC = YES;
				CLANG_WARN_BLOCK_CAPTURE_AUTORELEASING = YES;
				CLANG_WARN_BOOL_CONVERSION = YES;
				CLANG_WARN_COMMA = YES;
				CLANG_WARN_CONSTANT_CONVERSION = YES;
				CLANG_WARN_DIRECT_OBJC_ISA_USAGE = YES_ERROR;
				CLANG_WARN_DOCUMENTATION_COMMENTS = YES;
				CLANG_WARN_EMPTY_BODY = YES;
				CLANG_WARN_ENUM_CONVERSION = YES;
				CLANG_WARN_INFINITE_RECURSION = YES;
				CLANG_WARN_INT_CONVERSION = YES;
				CLANG_WARN_OBJC_ROOT_CLASS = YES_ERROR;
				CLANG_WARN_RANGE_LOOP_ANALYSIS = YES;
				CLANG_WARN_STRICT_PROTOTYPES = YES;
				CLANG_WARN_SUSPICIOUS_MOVE = YES;
				CLANG_WARN_UNGUARDED_AVAILABILITY = YES_AGGRESSIVE;
				CLANG_WARN_UNREACHABLE_CODE = YES;
				CLANG_WARN__DUPLICATE_METHOD_MATCH = YES;
				CODE_SIGN_IDENTITY = "iPhone Developer";
				COPY_PHASE_STRIP = NO;
				DEBUG_INFORMATION_FORMAT = dwarf;
				ENABLE_STRICT_OBJC_MSGSEND = YES;
				ENABLE_TESTABILITY = YES;
				GCC_C_LANGUAGE_STANDARD = gnu11;
				GCC_DYNAMIC_NO_PIC = NO;
				GCC_NO_COMMON_BLOCKS = YES;
				GCC_OPTIMIZATION_LEVEL = 0;
				GCC_PREPROCESSOR_DEFINITIONS = (
					"DEBUG=1",
					"$(inherited)",
				);
				GCC_WARN_64_TO_32_BIT_CONVERSION = YES;
				GCC_WARN_ABOUT_RETURN_TYPE = YES_ERROR;
				GCC_WARN_UNDECLARED_SELECTOR = YES;
				GCC_WARN_UNINITIALIZED_AUTOS = YES_AGGRESSIVE;
				GCC_WARN_UNUSED_FUNCTION = YES;
				GCC_WARN_UNUSED_VARIABLE = YES;
				IPHONEOS_DEPLOYMENT_TARGET = 11.0;
				MTL_ENABLE_DEBUG_INFO = YES;
				ONLY_ACTIVE_ARCH = YES;
				SDKROOT = iphoneos;
				SWIFT_ACTIVE_COMPILATION_CONDITIONS = DEBUG;
				SWIFT_OPTIMIZATION_LEVEL = "-Onone";
			};
			name = Debug;
		};
		B6D598681F15E755009446BA /* Release */ = {
			isa = XCBuildConfiguration;
			buildSettings = {
				ALWAYS_SEARCH_USER_PATHS = NO;
				CLANG_ANALYZER_NONNULL = YES;
				CLANG_ANALYZER_NUMBER_OBJECT_CONVERSION = YES_AGGRESSIVE;
				CLANG_CXX_LANGUAGE_STANDARD = "gnu++14";
				CLANG_CXX_LIBRARY = "libc++";
				CLANG_ENABLE_MODULES = YES;
				CLANG_ENABLE_OBJC_ARC = YES;
				CLANG_WARN_BLOCK_CAPTURE_AUTORELEASING = YES;
				CLANG_WARN_BOOL_CONVERSION = YES;
				CLANG_WARN_COMMA = YES;
				CLANG_WARN_CONSTANT_CONVERSION = YES;
				CLANG_WARN_DIRECT_OBJC_ISA_USAGE = YES_ERROR;
				CLANG_WARN_DOCUMENTATION_COMMENTS = YES;
				CLANG_WARN_EMPTY_BODY = YES;
				CLANG_WARN_ENUM_CONVERSION = YES;
				CLANG_WARN_INFINITE_RECURSION = YES;
				CLANG_WARN_INT_CONVERSION = YES;
				CLANG_WARN_OBJC_ROOT_CLASS = YES_ERROR;
				CLANG_WARN_RANGE_LOOP_ANALYSIS = YES;
				CLANG_WARN_STRICT_PROTOTYPES = YES;
				CLANG_WARN_SUSPICIOUS_MOVE = YES;
				CLANG_WARN_UNGUARDED_AVAILABILITY = YES_AGGRESSIVE;
				CLANG_WARN_UNREACHABLE_CODE = YES;
				CLANG_WARN__DUPLICATE_METHOD_MATCH = YES;
				CODE_SIGN_IDENTITY = "iPhone Developer";
				COPY_PHASE_STRIP = NO;
				DEBUG_INFORMATION_FORMAT = "dwarf-with-dsym";
				ENABLE_NS_ASSERTIONS = NO;
				ENABLE_STRICT_OBJC_MSGSEND = YES;
				GCC_C_LANGUAGE_STANDARD = gnu11;
				GCC_NO_COMMON_BLOCKS = YES;
				GCC_WARN_64_TO_32_BIT_CONVERSION = YES;
				GCC_WARN_ABOUT_RETURN_TYPE = YES_ERROR;
				GCC_WARN_UNDECLARED_SELECTOR = YES;
				GCC_WARN_UNINITIALIZED_AUTOS = YES_AGGRESSIVE;
				GCC_WARN_UNUSED_FUNCTION = YES;
				GCC_WARN_UNUSED_VARIABLE = YES;
				IPHONEOS_DEPLOYMENT_TARGET = 11.0;
				MTL_ENABLE_DEBUG_INFO = NO;
				SDKROOT = iphoneos;
				SWIFT_OPTIMIZATION_LEVEL = "-Owholemodule";
				VALIDATE_PRODUCT = YES;
			};
			name = Release;
		};
		B6D5986A1F15E755009446BA /* Debug */ = {
			isa = XCBuildConfiguration;
			buildSettings = {
				ASSETCATALOG_COMPILER_APPICON_NAME = AppIcon;
				INFOPLIST_FILE = Employee_MVP_Demo/Info.plist;
				LD_RUNPATH_SEARCH_PATHS = "$(inherited) @executable_path/Frameworks";
				PRODUCT_BUNDLE_IDENTIFIER = "none.Employee-MVP-Demo";
				PRODUCT_NAME = "$(TARGET_NAME)";
				SWIFT_VERSION = 4.0;
				TARGETED_DEVICE_FAMILY = "1,2";
			};
			name = Debug;
		};
		B6D5986B1F15E755009446BA /* Release */ = {
			isa = XCBuildConfiguration;
			buildSettings = {
				ASSETCATALOG_COMPILER_APPICON_NAME = AppIcon;
				INFOPLIST_FILE = Employee_MVP_Demo/Info.plist;
				LD_RUNPATH_SEARCH_PATHS = "$(inherited) @executable_path/Frameworks";
				PRODUCT_BUNDLE_IDENTIFIER = "none.Employee-MVP-Demo";
				PRODUCT_NAME = "$(TARGET_NAME)";
				SWIFT_VERSION = 4.0;
				TARGETED_DEVICE_FAMILY = "1,2";
			};
			name = Release;
		};
		B6D5986D1F15E755009446BA /* Debug */ = {
			isa = XCBuildConfiguration;
			buildSettings = {
				ALWAYS_EMBED_SWIFT_STANDARD_LIBRARIES = YES;
				BUNDLE_LOADER = "$(TEST_HOST)";
				INFOPLIST_FILE = Employee_MVP_DemoTests/Info.plist;
				LD_RUNPATH_SEARCH_PATHS = "$(inherited) @executable_path/Frameworks @loader_path/Frameworks";
				PRODUCT_BUNDLE_IDENTIFIER = "none.Employee-MVP-DemoTests";
				PRODUCT_NAME = "$(TARGET_NAME)";
				SWIFT_VERSION = 4.0;
				TARGETED_DEVICE_FAMILY = "1,2";
				TEST_HOST = "$(BUILT_PRODUCTS_DIR)/Employee_MVP_Demo.app/Employee_MVP_Demo";
			};
			name = Debug;
		};
		B6D5986E1F15E755009446BA /* Release */ = {
			isa = XCBuildConfiguration;
			buildSettings = {
				ALWAYS_EMBED_SWIFT_STANDARD_LIBRARIES = YES;
				BUNDLE_LOADER = "$(TEST_HOST)";
				INFOPLIST_FILE = Employee_MVP_DemoTests/Info.plist;
				LD_RUNPATH_SEARCH_PATHS = "$(inherited) @executable_path/Frameworks @loader_path/Frameworks";
				PRODUCT_BUNDLE_IDENTIFIER = "none.Employee-MVP-DemoTests";
				PRODUCT_NAME = "$(TARGET_NAME)";
				SWIFT_VERSION = 4.0;
				TARGETED_DEVICE_FAMILY = "1,2";
				TEST_HOST = "$(BUILT_PRODUCTS_DIR)/Employee_MVP_Demo.app/Employee_MVP_Demo";
			};
			name = Release;
		};
		B6D598701F15E755009446BA /* Debug */ = {
			isa = XCBuildConfiguration;
			buildSettings = {
				ALWAYS_EMBED_SWIFT_STANDARD_LIBRARIES = YES;
				INFOPLIST_FILE = Employee_MVP_DemoUITests/Info.plist;
				LD_RUNPATH_SEARCH_PATHS = "$(inherited) @executable_path/Frameworks @loader_path/Frameworks";
				PRODUCT_BUNDLE_IDENTIFIER = "none.Employee-MVP-DemoUITests";
				PRODUCT_NAME = "$(TARGET_NAME)";
				SWIFT_VERSION = 4.0;
				TARGETED_DEVICE_FAMILY = "1,2";
				TEST_TARGET_NAME = Employee_MVP_Demo;
			};
			name = Debug;
		};
		B6D598711F15E755009446BA /* Release */ = {
			isa = XCBuildConfiguration;
			buildSettings = {
				ALWAYS_EMBED_SWIFT_STANDARD_LIBRARIES = YES;
				INFOPLIST_FILE = Employee_MVP_DemoUITests/Info.plist;
				LD_RUNPATH_SEARCH_PATHS = "$(inherited) @executable_path/Frameworks @loader_path/Frameworks";
				PRODUCT_BUNDLE_IDENTIFIER = "none.Employee-MVP-DemoUITests";
				PRODUCT_NAME = "$(TARGET_NAME)";
				SWIFT_VERSION = 4.0;
				TARGETED_DEVICE_FAMILY = "1,2";
				TEST_TARGET_NAME = Employee_MVP_Demo;
			};
			name = Release;
		};
/* End XCBuildConfiguration section */

/* Begin XCConfigurationList section */
		B6D598391F15E754009446BA /* Build configuration list for PBXProject "Employee_MVP_Demo" */ = {
			isa = XCConfigurationList;
			buildConfigurations = (
				B6D598671F15E755009446BA /* Debug */,
				B6D598681F15E755009446BA /* Release */,
			);
			defaultConfigurationIsVisible = 0;
			defaultConfigurationName = Release;
		};
		B6D598691F15E755009446BA /* Build configuration list for PBXNativeTarget "Employee_MVP_Demo" */ = {
			isa = XCConfigurationList;
			buildConfigurations = (
				B6D5986A1F15E755009446BA /* Debug */,
				B6D5986B1F15E755009446BA /* Release */,
			);
			defaultConfigurationIsVisible = 0;
			defaultConfigurationName = Release;
		};
		B6D5986C1F15E755009446BA /* Build configuration list for PBXNativeTarget "Employee_MVP_DemoTests" */ = {
			isa = XCConfigurationList;
			buildConfigurations = (
				B6D5986D1F15E755009446BA /* Debug */,
				B6D5986E1F15E755009446BA /* Release */,
			);
			defaultConfigurationIsVisible = 0;
			defaultConfigurationName = Release;
		};
		B6D5986F1F15E755009446BA /* Build configuration list for PBXNativeTarget "Employee_MVP_DemoUITests" */ = {
			isa = XCConfigurationList;
			buildConfigurations = (
				B6D598701F15E755009446BA /* Debug */,
				B6D598711F15E755009446BA /* Release */,
			);
			defaultConfigurationIsVisible = 0;
			defaultConfigurationName = Release;
		};
/* End XCConfigurationList section */

/* Begin XCVersionGroup section */
		B6D598481F15E754009446BA /* Employee_MVP_Demo.xcdatamodeld */ = {
			isa = XCVersionGroup;
			children = (
				B6D598491F15E754009446BA /* Employee_MVP_Demo.xcdatamodel */,
			);
			currentVersion = B6D598491F15E754009446BA /* Employee_MVP_Demo.xcdatamodel */;
			path = Employee_MVP_Demo.xcdatamodeld;
			sourceTree = "<group>";
			versionGroupType = wrapper.xcdatamodel;
		};
/* End XCVersionGroup section */
	};
	rootObject = B6D598361F15E754009446BA /* Project object */;
}
